
Microsoft Visual Studio Solution File, Format Version 12.00
# Visual Studio 15
VisualStudioVersion = 15.0.27703.2035
MinimumVisualStudioVersion = 10.0.40219.1
Project("{8BC9CEB8-8B4A-11D0-8D11-00A0C91BC942}") = "RVI2.Core", "RVI2.Core\RVI2.Core.vcxproj", "{66D67F4D-4F80-4133-8810-B3C5FA81ADF6}"
EndProject
Project("{8BC9CEB8-8B4A-11D0-8D11-00A0C91BC942}") = "UnitTests", "UnitTests\UnitTests.vcxproj", "{50EDA4CF-710D-4654-AE79-776BC5A7F1CE}"
EndProject
Global
	GlobalSection(SolutionConfigurationPlatforms) = preSolution
		Debug|ARM = Debug|ARM
		Debug|x64 = Debug|x64
		Debug|x86 = Debug|x86
		Release|ARM = Release|ARM
		Release|x64 = Release|x64
		Release|x86 = Release|x86
	EndGlobalSection
	GlobalSection(ProjectConfigurationPlatforms) = postSolution
		{66D67F4D-4F80-4133-8810-B3C5FA81ADF6}.Debug|ARM.ActiveCfg = Debug|ARM
		{66D67F4D-4F80-4133-8810-B3C5FA81ADF6}.Debug|ARM.Build.0 = Debug|ARM
		{66D67F4D-4F80-4133-8810-B3C5FA81ADF6}.Debug|x64.ActiveCfg = Debug|x64
		{66D67F4D-4F80-4133-8810-B3C5FA81ADF6}.Debug|x64.Build.0 = Debug|x64
		{66D67F4D-4F80-4133-8810-B3C5FA81ADF6}.Debug|x86.ActiveCfg = Debug|Win32
		{66D67F4D-4F80-4133-8810-B3C5FA81ADF6}.Debug|x86.Build.0 = Debug|Win32
		{66D67F4D-4F80-4133-8810-B3C5FA81ADF6}.Release|ARM.ActiveCfg = Release|ARM
		{66D67F4D-4F80-4133-8810-B3C5FA81ADF6}.Release|ARM.Build.0 = Release|ARM
		{66D67F4D-4F80-4133-8810-B3C5FA81ADF6}.Release|x64.ActiveCfg = Release|x64
		{66D67F4D-4F80-4133-8810-B3C5FA81ADF6}.Release|x64.Build.0 = Release|x64
		{66D67F4D-4F80-4133-8810-B3C5FA81ADF6}.Release|x86.ActiveCfg = Release|Win32
		{66D67F4D-4F80-4133-8810-B3C5FA81ADF6}.Release|x86.Build.0 = Release|Win32
		{50EDA4CF-710D-4654-AE79-776BC5A7F1CE}.Debug|ARM.ActiveCfg = Debug|ARM
		{50EDA4CF-710D-4654-AE79-776BC5A7F1CE}.Debug|ARM.Build.0 = Debug|ARM
		{50EDA4CF-710D-4654-AE79-776BC5A7F1CE}.Debug|x64.ActiveCfg = Debug|x64
		{50EDA4CF-710D-4654-AE79-776BC5A7F1CE}.Debug|x64.Build.0 = Debug|x64
		{50EDA4CF-710D-4654-AE79-776BC5A7F1CE}.Debug|x86.ActiveCfg = Debug|Win32
		{50EDA4CF-710D-4654-AE79-776BC5A7F1CE}.Debug|x86.Build.0 = Debug|Win32
		{50EDA4CF-710D-4654-AE79-776BC5A7F1CE}.Release|ARM.ActiveCfg = Release|ARM
		{50EDA4CF-710D-4654-AE79-776BC5A7F1CE}.Release|ARM.Build.0 = Release|ARM
		{50EDA4CF-710D-4654-AE79-776BC5A7F1CE}.Release|x64.ActiveCfg = Release|x64
		{50EDA4CF-710D-4654-AE79-776BC5A7F1CE}.Release|x64.Build.0 = Release|x64
		{50EDA4CF-710D-4654-AE79-776BC5A7F1CE}.Release|x86.ActiveCfg = Release|Win32
		{50EDA4CF-710D-4654-AE79-776BC5A7F1CE}.Release|x86.Build.0 = Release|Win32
	EndGlobalSection
	GlobalSection(SolutionProperties) = preSolution
		HideSolutionNode = FALSE
	EndGlobalSection
	GlobalSection(ExtensibilityGlobals) = postSolution
		SolutionGuid = {4E12C301-50C3-427E-A638-A19EC1547469}
	EndGlobalSection
EndGlobal
