
Microsoft Visual Studio Solution File, Format Version 12.00
# Visual Studio 15
VisualStudioVersion = 15.0.27703.2035
MinimumVisualStudioVersion = 10.0.40219.1
Project("{8BC9CEB8-8B4A-11D0-8D11-00A0C91BC942}") = "RVI2.Core", "RVI2.Core\RVI2.Core.vcxproj", "{66D67F4D-4F80-4133-8810-B3C5FA81ADF6}"
EndProject
Project("{8BC9CEB8-8B4A-11D0-8D11-00A0C91BC942}") = "RVI2.UnitTests", "RVI2.UnitTests\UnitTests.vcxproj", "{6152EE0B-50FE-48D4-A40B-629FB0E76BF8}"
EndProject
Project("{8BC9CEB8-8B4A-11D0-8D11-00A0C91BC942}") = "RVI2.Server", "RVI2.Server\RVI2.Server.vcxproj", "{8BC2636F-BF69-46AA-ABBE-53B9B5F08AB0}"
EndProject
Global
	GlobalSection(SolutionConfigurationPlatforms) = preSolution
		Debug|ARM = Debug|ARM
		Debug|x64 = Debug|x64
		Debug|x86 = Debug|x86
		Release|ARM = Release|ARM
		Release|x64 = Release|x64
		Release|x86 = Release|x86
	EndGlobalSection
	GlobalSection(ProjectConfigurationPlatforms) = postSolution
		{66D67F4D-4F80-4133-8810-B3C5FA81ADF6}.Debug|ARM.ActiveCfg = Debug|ARM
		{66D67F4D-4F80-4133-8810-B3C5FA81ADF6}.Debug|ARM.Build.0 = Debug|ARM
		{66D67F4D-4F80-4133-8810-B3C5FA81ADF6}.Debug|x64.ActiveCfg = Debug|x64
		{66D67F4D-4F80-4133-8810-B3C5FA81ADF6}.Debug|x64.Build.0 = Debug|x64
		{66D67F4D-4F80-4133-8810-B3C5FA81ADF6}.Debug|x86.ActiveCfg = Debug|Win32
		{66D67F4D-4F80-4133-8810-B3C5FA81ADF6}.Debug|x86.Build.0 = Debug|Win32
		{66D67F4D-4F80-4133-8810-B3C5FA81ADF6}.Release|ARM.ActiveCfg = Release|ARM
		{66D67F4D-4F80-4133-8810-B3C5FA81ADF6}.Release|ARM.Build.0 = Release|ARM
		{66D67F4D-4F80-4133-8810-B3C5FA81ADF6}.Release|x64.ActiveCfg = Release|x64
		{66D67F4D-4F80-4133-8810-B3C5FA81ADF6}.Release|x64.Build.0 = Release|x64
		{66D67F4D-4F80-4133-8810-B3C5FA81ADF6}.Release|x86.ActiveCfg = Release|Win32
		{66D67F4D-4F80-4133-8810-B3C5FA81ADF6}.Release|x86.Build.0 = Release|Win32
		{6152EE0B-50FE-48D4-A40B-629FB0E76BF8}.Debug|ARM.ActiveCfg = Debug|Win32
		{6152EE0B-50FE-48D4-A40B-629FB0E76BF8}.Debug|x64.ActiveCfg = Debug|x64
		{6152EE0B-50FE-48D4-A40B-629FB0E76BF8}.Debug|x64.Build.0 = Debug|x64
		{6152EE0B-50FE-48D4-A40B-629FB0E76BF8}.Debug|x86.ActiveCfg = Debug|Win32
		{6152EE0B-50FE-48D4-A40B-629FB0E76BF8}.Debug|x86.Build.0 = Debug|Win32
		{6152EE0B-50FE-48D4-A40B-629FB0E76BF8}.Release|ARM.ActiveCfg = Release|Win32
		{6152EE0B-50FE-48D4-A40B-629FB0E76BF8}.Release|x64.ActiveCfg = Release|x64
		{6152EE0B-50FE-48D4-A40B-629FB0E76BF8}.Release|x64.Build.0 = Release|x64
		{6152EE0B-50FE-48D4-A40B-629FB0E76BF8}.Release|x86.ActiveCfg = Release|Win32
		{6152EE0B-50FE-48D4-A40B-629FB0E76BF8}.Release|x86.Build.0 = Release|Win32
		{8BC2636F-BF69-46AA-ABBE-53B9B5F08AB0}.Debug|ARM.ActiveCfg = Debug|Win32
		{8BC2636F-BF69-46AA-ABBE-53B9B5F08AB0}.Debug|x64.ActiveCfg = Debug|x64
		{8BC2636F-BF69-46AA-ABBE-53B9B5F08AB0}.Debug|x64.Build.0 = Debug|x64
		{8BC2636F-BF69-46AA-ABBE-53B9B5F08AB0}.Debug|x86.ActiveCfg = Debug|Win32
		{8BC2636F-BF69-46AA-ABBE-53B9B5F08AB0}.Debug|x86.Build.0 = Debug|Win32
		{8BC2636F-BF69-46AA-ABBE-53B9B5F08AB0}.Release|ARM.ActiveCfg = Release|Win32
		{8BC2636F-BF69-46AA-ABBE-53B9B5F08AB0}.Release|x64.ActiveCfg = Release|x64
		{8BC2636F-BF69-46AA-ABBE-53B9B5F08AB0}.Release|x64.Build.0 = Release|x64
		{8BC2636F-BF69-46AA-ABBE-53B9B5F08AB0}.Release|x86.ActiveCfg = Release|Win32
		{8BC2636F-BF69-46AA-ABBE-53B9B5F08AB0}.Release|x86.Build.0 = Release|Win32
	EndGlobalSection
	GlobalSection(SolutionProperties) = preSolution
		HideSolutionNode = FALSE
	EndGlobalSection
	GlobalSection(ExtensibilityGlobals) = postSolution
		SolutionGuid = {4E12C301-50C3-427E-A638-A19EC1547469}
	EndGlobalSection
EndGlobal
