<?xml version="1.0" encoding="utf-8"?>
<Project ToolsVersion="4.0" xmlns="http://schemas.microsoft.com/developer/msbuild/2003">
  <ItemGroup>
    <Filter Include="Source Files">
      <UniqueIdentifier>{4FC737F1-C7A5-4376-A066-2A32D752A2FF}</UniqueIdentifier>
      <Extensions>cpp;c;cc;cxx;def;odl;idl;hpj;bat;asm;asmx</Extensions>
    </Filter>
    <Filter Include="Header Files">
      <UniqueIdentifier>{93995380-89BD-4b04-88EB-625FBE52EBFB}</UniqueIdentifier>
      <Extensions>h;hh;hpp;hxx;hm;inl;inc;ipp;xsd</Extensions>
    </Filter>
    <Filter Include="Resource Files">
      <UniqueIdentifier>{67DA6AB6-F800-4c08-8B7A-83BB121AAD01}</UniqueIdentifier>
      <Extensions>rc;ico;cur;bmp;dlg;rc2;rct;bin;rgs;gif;jpg;jpeg;jpe;resx;tiff;tif;png;wav;mfcribbon-ms</Extensions>
    </Filter>
  </ItemGroup>
  <ItemGroup>
    <ClInclude Include="src\frame.h">
      <Filter>Header Files</Filter>
    </ClInclude>
    <ClInclude Include="src\line.h">
      <Filter>Header Files</Filter>
    </ClInclude>
    <ClInclude Include="src\transform2.h">
      <Filter>Header Files</Filter>
    </ClInclude>
    <ClInclude Include="src\vector2.h">
      <Filter>Header Files</Filter>
    </ClInclude>
    <ClInclude Include="src\vertex.h">
      <Filter>Header Files</Filter>
    </ClInclude>
    <ClInclude Include="src\base64.h">
      <Filter>Header Files</Filter>
    </ClInclude>
    <ClInclude Include="src\client_context.h">
      <Filter>Header Files</Filter>
    </ClInclude>
    <ClInclude Include="src\color_rgba.h">
      <Filter>Header Files</Filter>
    </ClInclude>
    <ClInclude Include="src\rvi_base.h">
      <Filter>Header Files</Filter>
    </ClInclude>
    <ClInclude Include="src\rvi_math.h">
      <Filter>Header Files</Filter>
    </ClInclude>
    <ClInclude Include="src\definition.h">
      <Filter>Header Files</Filter>
    </ClInclude>
    <ClInclude Include="src\instruction_generator.h">
      <Filter>Header Files</Filter>
    </ClInclude>
  </ItemGroup>
  <ItemGroup>
    <ClCompile Include="src\frame.cpp">
      <Filter>Source Files</Filter>
    </ClCompile>
    <ClCompile Include="src\line.cpp">
      <Filter>Source Files</Filter>
    </ClCompile>
    <ClCompile Include="src\transform2.cpp">
      <Filter>Source Files</Filter>
    </ClCompile>
    <ClCompile Include="src\vector2.cpp">
      <Filter>Source Files</Filter>
    </ClCompile>
    <ClCompile Include="src\vertex.cpp">
      <Filter>Source Files</Filter>
    </ClCompile>
    <ClCompile Include="src\base64.cpp">
      <Filter>Source Files</Filter>
    </ClCompile>
    <ClCompile Include="src\rvi_math.cpp">
      <Filter>Source Files</Filter>
    </ClCompile>
    <ClCompile Include="src\client_context.cpp">
      <Filter>Source Files</Filter>
    </ClCompile>
    <ClCompile Include="src\rvi_base.cpp">
      <Filter>Source Files</Filter>
    </ClCompile>
    <ClCompile Include="src\definition.cpp">
      <Filter>Source Files</Filter>
    </ClCompile>
    <ClCompile Include="src\instruction_generator.cpp">
      <Filter>Source Files</Filter>
    </ClCompile>
  </ItemGroup>
</Project>